
Microsoft Visual Studio Solution File, Format Version 12.00
# Visual Studio Version 17
VisualStudioVersion = 17.0.31903.59
MinimumVisualStudioVersion = 10.0.40219.1
Project("{2150E333-8FDC-42A3-9474-1A3956D46DE8}") = "src", "src", "{B3BA952E-0A44-4152-A219-FB7980DB73FA}"
EndProject
Project("{FAE04EC0-301F-11D3-BF4B-00C04F79EFBC}") = "Rkzfps.Core", "src\Rkzfps.Core\Rkzfps.Core.csproj", "{27C4BF07-38DC-4E3D-888B-2C295681E3A4}"
EndProject
Project("{FAE04EC0-301F-11D3-BF4B-00C04F79EFBC}") = "Rkzfps.Windows", "src\Rkzfps.Windows\Rkzfps.Windows.csproj", "{F5DFABBA-0253-44A7-9508-6F08872F923C}"
EndProject
Project("{FAE04EC0-301F-11D3-BF4B-00C04F79EFBC}") = "Rkzfps.Agent", "src\Rkzfps.Agent\Rkzfps.Agent.csproj", "{021E9224-C043-4BB9-B1B0-73BAAB52CB58}"
EndProject
Project("{2150E333-8FDC-42A3-9474-1A3956D46DE8}") = "tests", "tests", "{E3806A21-9025-4E50-9411-26CDEC0CA34D}"
EndProject
Project("{FAE04EC0-301F-11D3-BF4B-00C04F79EFBC}") = "Rkzfps.Core.Tests", "tests\Rkzfps.Core.Tests\Rkzfps.Core.Tests.csproj", "{182E0B3A-CEBD-476F-884F-D49453CF218F}"
EndProject
Project("{FAE04EC0-301F-11D3-BF4B-00C04F79EFBC}") = "Rkzfps.Client", "src\Rkzfps.Client\Rkzfps.Client.csproj", "{04EBE65D-BA44-4E2C-80B9-5DE327485653}"
EndProject
Project("{FAE04EC0-301F-11D3-BF4B-00C04F79EFBC}") = "Rkzfps.Client.Tests", "tests\Rkzfps.Client.Tests\Rkzfps.Client.Tests.csproj", "{3C6CDB6A-5875-43C3-A6EC-B479E11CA090}"
EndProject
Project("{FAE04EC0-301F-11D3-BF4B-00C04F79EFBC}") = "Rkzfps.App", "src\Rkzfps.App\Rkzfps.App.csproj", "{99BED199-16D7-41A7-ABFE-DA5EE24ED9F3}"
EndProject
Global
	GlobalSection(SolutionConfigurationPlatforms) = preSolution
		Debug|Any CPU = Debug|Any CPU
		Release|Any CPU = Release|Any CPU
	EndGlobalSection
	GlobalSection(SolutionProperties) = preSolution
		HideSolutionNode = FALSE
	EndGlobalSection
	GlobalSection(ProjectConfigurationPlatforms) = postSolution
		{27C4BF07-38DC-4E3D-888B-2C295681E3A4}.Debug|Any CPU.ActiveCfg = Debug|Any CPU
		{27C4BF07-38DC-4E3D-888B-2C295681E3A4}.Debug|Any CPU.Build.0 = Debug|Any CPU
		{27C4BF07-38DC-4E3D-888B-2C295681E3A4}.Release|Any CPU.ActiveCfg = Release|Any CPU
		{27C4BF07-38DC-4E3D-888B-2C295681E3A4}.Release|Any CPU.Build.0 = Release|Any CPU
		{F5DFABBA-0253-44A7-9508-6F08872F923C}.Debug|Any CPU.ActiveCfg = Debug|Any CPU
		{F5DFABBA-0253-44A7-9508-6F08872F923C}.Debug|Any CPU.Build.0 = Debug|Any CPU
		{F5DFABBA-0253-44A7-9508-6F08872F923C}.Release|Any CPU.ActiveCfg = Release|Any CPU
		{F5DFABBA-0253-44A7-9508-6F08872F923C}.Release|Any CPU.Build.0 = Release|Any CPU
		{021E9224-C043-4BB9-B1B0-73BAAB52CB58}.Debug|Any CPU.ActiveCfg = Debug|Any CPU
		{021E9224-C043-4BB9-B1B0-73BAAB52CB58}.Debug|Any CPU.Build.0 = Debug|Any CPU
		{021E9224-C043-4BB9-B1B0-73BAAB52CB58}.Release|Any CPU.ActiveCfg = Release|Any CPU
		{021E9224-C043-4BB9-B1B0-73BAAB52CB58}.Release|Any CPU.Build.0 = Release|Any CPU
		{182E0B3A-CEBD-476F-884F-D49453CF218F}.Debug|Any CPU.ActiveCfg = Debug|Any CPU
		{182E0B3A-CEBD-476F-884F-D49453CF218F}.Debug|Any CPU.Build.0 = Debug|Any CPU
		{182E0B3A-CEBD-476F-884F-D49453CF218F}.Release|Any CPU.ActiveCfg = Release|Any CPU
		{182E0B3A-CEBD-476F-884F-D49453CF218F}.Release|Any CPU.Build.0 = Release|Any CPU
		{04EBE65D-BA44-4E2C-80B9-5DE327485653}.Debug|Any CPU.ActiveCfg = Debug|Any CPU
		{04EBE65D-BA44-4E2C-80B9-5DE327485653}.Debug|Any CPU.Build.0 = Debug|Any CPU
		{04EBE65D-BA44-4E2C-80B9-5DE327485653}.Release|Any CPU.ActiveCfg = Release|Any CPU
		{04EBE65D-BA44-4E2C-80B9-5DE327485653}.Release|Any CPU.Build.0 = Release|Any CPU
		{3C6CDB6A-5875-43C3-A6EC-B479E11CA090}.Debug|Any CPU.ActiveCfg = Debug|Any CPU
		{3C6CDB6A-5875-43C3-A6EC-B479E11CA090}.Debug|Any CPU.Build.0 = Debug|Any CPU
		{3C6CDB6A-5875-43C3-A6EC-B479E11CA090}.Release|Any CPU.ActiveCfg = Release|Any CPU
		{3C6CDB6A-5875-43C3-A6EC-B479E11CA090}.Release|Any CPU.Build.0 = Release|Any CPU
		{99BED199-16D7-41A7-ABFE-DA5EE24ED9F3}.Debug|Any CPU.ActiveCfg = Debug|Any CPU
		{99BED199-16D7-41A7-ABFE-DA5EE24ED9F3}.Debug|Any CPU.Build.0 = Debug|Any CPU
		{99BED199-16D7-41A7-ABFE-DA5EE24ED9F3}.Release|Any CPU.ActiveCfg = Release|Any CPU
		{99BED199-16D7-41A7-ABFE-DA5EE24ED9F3}.Release|Any CPU.Build.0 = Release|Any CPU
	EndGlobalSection
	GlobalSection(NestedProjects) = preSolution
		{27C4BF07-38DC-4E3D-888B-2C295681E3A4} = {B3BA952E-0A44-4152-A219-FB7980DB73FA}
		{F5DFABBA-0253-44A7-9508-6F08872F923C} = {B3BA952E-0A44-4152-A219-FB7980DB73FA}
		{021E9224-C043-4BB9-B1B0-73BAAB52CB58} = {B3BA952E-0A44-4152-A219-FB7980DB73FA}
		{182E0B3A-CEBD-476F-884F-D49453CF218F} = {E3806A21-9025-4E50-9411-26CDEC0CA34D}
		{04EBE65D-BA44-4E2C-80B9-5DE327485653} = {B3BA952E-0A44-4152-A219-FB7980DB73FA}
		{3C6CDB6A-5875-43C3-A6EC-B479E11CA090} = {E3806A21-9025-4E50-9411-26CDEC0CA34D}
		{99BED199-16D7-41A7-ABFE-DA5EE24ED9F3} = {B3BA952E-0A44-4152-A219-FB7980DB73FA}
	EndGlobalSection
EndGlobal
